{
  "pins" : [
    {
      "identity" : "swift-argument-parser",
      "kind" : "remoteSourceControl",
      "location" : "https://github.com/apple/swift-argument-parser.git",
      "state" : {
        "revision" : "41982a3656a71c768319979febd796c6fd111d5c",
        "version" : "1.5.0"
      }
    },
    {
      "identity" : "swift-driver",
      "kind" : "remoteSourceControl",
      "location" : "https://github.com/swiftlang/swift-driver",
      "state" : {
        "branch" : "main",
        "revision" : "974a26ed254ae0bd1e2da678de66afe819c09cf3"
      }
    },
    {
      "identity" : "swift-llbuild",
      "kind" : "remoteSourceControl",
      "location" : "https://github.com/swiftlang/swift-llbuild.git",
      "state" : {
        "branch" : "main",
        "revision" : "19db29ba20592429bcf74c672f6c44f5b035bec9"
      }
    },
    {
      "identity" : "swift-toolchain-sqlite",
      "kind" : "remoteSourceControl",
      "location" : "https://github.com/swiftlang/swift-toolchain-sqlite",
      "state" : {
        "revision" : "4ee66b3ab1c40d20176045e61d8276242e73b01d",
        "version" : "1.0.3"
      }
    },
    {
      "identity" : "swift-tools-support-core",
      "kind" : "remoteSourceControl",
      "location" : "https://github.com/swiftlang/swift-tools-support-core.git",
      "state" : {
        "branch" : "main",
        "revision" : "e8fbc8b05a155f311b862178d92d043afb216fe3"
      }
    }
  ],
  "version" : 2
}
