{
  "pins" : [
    {
      "identity" : "swift-argument-parser",
      "kind" : "remoteSourceControl",
      "location" : "https://github.com/apple/swift-argument-parser.git",
      "state" : {
        "revision" : "9f39744e025c7d377987f30b03770805dcb0bcd1",
        "version" : "1.1.4"
      }
    }
  ],
  "version" : 2
}
